// !$*UTF8*$!
{
	archiveVersion = 1;
	classes = {
	};
	objectVersion = 55;
	objects = {

/* Begin PBXBuildFile section */
		2C4D0D9F281D0FEE009C2F90 /* PostPage.swift in Sources */ = {isa = PBXBuildFile; fileRef = 2C4D0D9E281D0FEE009C2F90 /* PostPage.swift */; };
		2C520C4D2814DA0E009F1693 /* NewUsersPage.swift in Sources */ = {isa = PBXBuildFile; fileRef = 2C520C4C2814DA0E009F1693 /* NewUsersPage.swift */; };
		2C520C4F281585F7009F1693 /* SettingPage.swift in Sources */ = {isa = PBXBuildFile; fileRef = 2C520C4E281585F7009F1693 /* SettingPage.swift */; };
		2C5B0290281BD7D8005171E7 /* ImagePicker.swift in Sources */ = {isa = PBXBuildFile; fileRef = 2C5B028F281BD7D8005171E7 /* ImagePicker.swift */; };
		2C5E0551281423FE00C50908 /* OgiriSNSApp.swift in Sources */ = {isa = PBXBuildFile; fileRef = 2C5E0550281423FE00C50908 /* OgiriSNSApp.swift */; };
		2C5E0553281423FE00C50908 /* ContentView.swift in Sources */ = {isa = PBXBuildFile; fileRef = 2C5E0552281423FE00C50908 /* ContentView.swift */; };
		2C5E0555281423FF00C50908 /* Assets.xcassets in Resources */ = {isa = PBXBuildFile; fileRef = 2C5E0554281423FF00C50908 /* Assets.xcassets */; };
		2C5E0558281423FF00C50908 /* Preview Assets.xcassets in Resources */ = {isa = PBXBuildFile; fileRef = 2C5E0557281423FF00C50908 /* Preview Assets.xcassets */; };
		2C5E0560281427BE00C50908 /* HomePage.swift in Sources */ = {isa = PBXBuildFile; fileRef = 2C5E055F281427BE00C50908 /* HomePage.swift */; };
		2C5E0562281427E700C50908 /* HotLaughterPage.swift in Sources */ = {isa = PBXBuildFile; fileRef = 2C5E0561281427E700C50908 /* HotLaughterPage.swift */; };
		2C5E05642814346B00C50908 /* RankingPage.swift in Sources */ = {isa = PBXBuildFile; fileRef = 2C5E05632814346B00C50908 /* RankingPage.swift */; };
/* End PBXBuildFile section */

/* Begin PBXFileReference section */
		2C4D0D9E281D0FEE009C2F90 /* PostPage.swift */ = {isa = PBXFileReference; lastKnownFileType = sourcecode.swift; path = PostPage.swift; sourceTree = "<group>"; };
		2C520C4C2814DA0E009F1693 /* NewUsersPage.swift */ = {isa = PBXFileReference; lastKnownFileType = sourcecode.swift; path = NewUsersPage.swift; sourceTree = "<group>"; };
		2C520C4E281585F7009F1693 /* SettingPage.swift */ = {isa = PBXFileReference; lastKnownFileType = sourcecode.swift; path = SettingPage.swift; sourceTree = "<group>"; };
		2C5B028F281BD7D8005171E7 /* ImagePicker.swift */ = {isa = PBXFileReference; lastKnownFileType = sourcecode.swift; path = ImagePicker.swift; sourceTree = "<group>"; };
		2C5E054D281423FE00C50908 /* OgiriSNS.app */ = {isa = PBXFileReference; explicitFileType = wrapper.application; includeInIndex = 0; path = OgiriSNS.app; sourceTree = BUILT_PRODUCTS_DIR; };
		2C5E0550281423FE00C50908 /* OgiriSNSApp.swift */ = {isa = PBXFileReference; lastKnownFileType = sourcecode.swift; path = OgiriSNSApp.swift; sourceTree = "<group>"; };
		2C5E0552281423FE00C50908 /* ContentView.swift */ = {isa = PBXFileReference; lastKnownFileType = sourcecode.swift; path = ContentView.swift; sourceTree = "<group>"; };
		2C5E0554281423FF00C50908 /* Assets.xcassets */ = {isa = PBXFileReference; lastKnownFileType = folder.assetcatalog; path = Assets.xcassets; sourceTree = "<group>"; };
		2C5E0557281423FF00C50908 /* Preview Assets.xcassets */ = {isa = PBXFileReference; lastKnownFileType = folder.assetcatalog; path = "Preview Assets.xcassets"; sourceTree = "<group>"; };
		2C5E055F281427BE00C50908 /* HomePage.swift */ = {isa = PBXFileReference; lastKnownFileType = sourcecode.swift; path = HomePage.swift; sourceTree = "<group>"; };
		2C5E0561281427E700C50908 /* HotLaughterPage.swift */ = {isa = PBXFileReference; lastKnownFileType = sourcecode.swift; path = HotLaughterPage.swift; sourceTree = "<group>"; };
		2C5E05632814346B00C50908 /* RankingPage.swift */ = {isa = PBXFileReference; lastKnownFileType = sourcecode.swift; path = RankingPage.swift; sourceTree = "<group>"; };
/* End PBXFileReference section */

/* Begin PBXFrameworksBuildPhase section */
		2C5E054A281423FE00C50908 /* Frameworks */ = {
			isa = PBXFrameworksBuildPhase;
			buildActionMask = 2147483647;
			files = (
			);
			runOnlyForDeploymentPostprocessing = 0;
		};
/* End PBXFrameworksBuildPhase section */

/* Begin PBXGroup section */
		2C4D0DA0281D0FF8009C2F90 /* Modal */ = {
			isa = PBXGroup;
			children = (
				2C4D0D9E281D0FEE009C2F90 /* PostPage.swift */,
				2C520C4E281585F7009F1693 /* SettingPage.swift */,
			);
			path = Modal;
			sourceTree = "<group>";
		};
		2C4D0DA1281D101A009C2F90 /* TabPage */ = {
			isa = PBXGroup;
			children = (
				2C5E055F281427BE00C50908 /* HomePage.swift */,
				2C5E05632814346B00C50908 /* RankingPage.swift */,
				2C520C4C2814DA0E009F1693 /* NewUsersPage.swift */,
				2C5E0561281427E700C50908 /* HotLaughterPage.swift */,
			);
			path = TabPage;
			sourceTree = "<group>";
		};
		2C5B028E281BD78D005171E7 /* Models */ = {
			isa = PBXGroup;
			children = (
				2C5B028F281BD7D8005171E7 /* ImagePicker.swift */,
			);
			path = Models;
			sourceTree = "<group>";
		};
		2C5E0544281423FE00C50908 = {
			isa = PBXGroup;
			children = (
				2C5E054F281423FE00C50908 /* OgiriSNS */,
				2C5E054E281423FE00C50908 /* Products */,
			);
			sourceTree = "<group>";
		};
		2C5E054E281423FE00C50908 /* Products */ = {
			isa = PBXGroup;
			children = (
				2C5E054D281423FE00C50908 /* OgiriSNS.app */,
			);
			name = Products;
			sourceTree = "<group>";
		};
		2C5E054F281423FE00C50908 /* OgiriSNS */ = {
			isa = PBXGroup;
			children = (
				2C5B028E281BD78D005171E7 /* Models */,
				2C5E055E2814266700C50908 /* View */,
				2C5E0550281423FE00C50908 /* OgiriSNSApp.swift */,
				2C5E0554281423FF00C50908 /* Assets.xcassets */,
				2C5E0556281423FF00C50908 /* Preview Content */,
			);
			path = OgiriSNS;
			sourceTree = "<group>";
		};
		2C5E0556281423FF00C50908 /* Preview Content */ = {
			isa = PBXGroup;
			children = (
				2C5E0557281423FF00C50908 /* Preview Assets.xcassets */,
			);
			path = "Preview Content";
			sourceTree = "<group>";
		};
		2C5E055E2814266700C50908 /* View */ = {
			isa = PBXGroup;
			children = (
				2C4D0DA1281D101A009C2F90 /* TabPage */,
				2C4D0DA0281D0FF8009C2F90 /* Modal */,
				2C5E0552281423FE00C50908 /* ContentView.swift */,
			);
			path = View;
			sourceTree = "<group>";
		};
/* End PBXGroup section */

/* Begin PBXNativeTarget section */
		2C5E054C281423FE00C50908 /* OgiriSNS */ = {
			isa = PBXNativeTarget;
			buildConfigurationList = 2C5E055B281423FF00C50908 /* Build configuration list for PBXNativeTarget "OgiriSNS" */;
			buildPhases = (
				2C5E0549281423FE00C50908 /* Sources */,
				2C5E054A281423FE00C50908 /* Frameworks */,
				2C5E054B281423FE00C50908 /* Resources */,
			);
			buildRules = (
			);
			dependencies = (
			);
			name = OgiriSNS;
			productName = OgiriSNS;
			productReference = 2C5E054D281423FE00C50908 /* OgiriSNS.app */;
			productType = "com.apple.product-type.application";
		};
/* End PBXNativeTarget section */

/* Begin PBXProject section */
		2C5E0545281423FE00C50908 /* Project object */ = {
			isa = PBXProject;
			attributes = {
				BuildIndependentTargetsInParallel = 1;
				LastSwiftUpdateCheck = 1330;
				LastUpgradeCheck = 1330;
				TargetAttributes = {
					2C5E054C281423FE00C50908 = {
						CreatedOnToolsVersion = 13.3.1;
					};
				};
			};
			buildConfigurationList = 2C5E0548281423FE00C50908 /* Build configuration list for PBXProject "OgiriSNS" */;
			compatibilityVersion = "Xcode 13.0";
			developmentRegion = en;
			hasScannedForEncodings = 0;
			knownRegions = (
				en,
				Base,
			);
			mainGroup = 2C5E0544281423FE00C50908;
			productRefGroup = 2C5E054E281423FE00C50908 /* Products */;
			projectDirPath = "";
			projectRoot = "";
			targets = (
				2C5E054C281423FE00C50908 /* OgiriSNS */,
			);
		};
/* End PBXProject section */

/* Begin PBXResourcesBuildPhase section */
		2C5E054B281423FE00C50908 /* Resources */ = {
			isa = PBXResourcesBuildPhase;
			buildActionMask = 2147483647;
			files = (
				2C5E0558281423FF00C50908 /* Preview Assets.xcassets in Resources */,
				2C5E0555281423FF00C50908 /* Assets.xcassets in Resources */,
			);
			runOnlyForDeploymentPostprocessing = 0;
		};
/* End PBXResourcesBuildPhase section */

/* Begin PBXSourcesBuildPhase section */
		2C5E0549281423FE00C50908 /* Sources */ = {
			isa = PBXSourcesBuildPhase;
			buildActionMask = 2147483647;
			files = (
				2C5E0562281427E700C50908 /* HotLaughterPage.swift in Sources */,
				2C520C4F281585F7009F1693 /* SettingPage.swift in Sources */,
				2C5E05642814346B00C50908 /* RankingPage.swift in Sources */,
				2C520C4D2814DA0E009F1693 /* NewUsersPage.swift in Sources */,
				2C5E0553281423FE00C50908 /* ContentView.swift in Sources */,
				2C5B0290281BD7D8005171E7 /* ImagePicker.swift in Sources */,
				2C5E0560281427BE00C50908 /* HomePage.swift in Sources */,
				2C5E0551281423FE00C50908 /* OgiriSNSApp.swift in Sources */,
				2C4D0D9F281D0FEE009C2F90 /* PostPage.swift in Sources */,
			);
			runOnlyForDeploymentPostprocessing = 0;
		};
/* End PBXSourcesBuildPhase section */

/* Begin XCBuildConfiguration section */
		2C5E0559281423FF00C50908 /* Debug */ = {
			isa = XCBuildConfiguration;
			buildSettings = {
				ALWAYS_SEARCH_USER_PATHS = NO;
				CLANG_ANALYZER_NONNULL = YES;
				CLANG_ANALYZER_NUMBER_OBJECT_CONVERSION = YES_AGGRESSIVE;
				CLANG_CXX_LANGUAGE_STANDARD = "gnu++17";
				CLANG_ENABLE_MODULES = YES;
				CLANG_ENABLE_OBJC_ARC = YES;
				CLANG_ENABLE_OBJC_WEAK = YES;
				CLANG_WARN_BLOCK_CAPTURE_AUTORELEASING = YES;
				CLANG_WARN_BOOL_CONVERSION = YES;
				CLANG_WARN_COMMA = YES;
				CLANG_WARN_CONSTANT_CONVERSION = YES;
				CLANG_WARN_DEPRECATED_OBJC_IMPLEMENTATIONS = YES;
				CLANG_WARN_DIRECT_OBJC_ISA_USAGE = YES_ERROR;
				CLANG_WARN_DOCUMENTATION_COMMENTS = YES;
				CLANG_WARN_EMPTY_BODY = YES;
				CLANG_WARN_ENUM_CONVERSION = YES;
				CLANG_WARN_INFINITE_RECURSION = YES;
				CLANG_WARN_INT_CONVERSION = YES;
				CLANG_WARN_NON_LITERAL_NULL_CONVERSION = YES;
				CLANG_WARN_OBJC_IMPLICIT_RETAIN_SELF = YES;
				CLANG_WARN_OBJC_LITERAL_CONVERSION = YES;
				CLANG_WARN_OBJC_ROOT_CLASS = YES_ERROR;
				CLANG_WARN_QUOTED_INCLUDE_IN_FRAMEWORK_HEADER = YES;
				CLANG_WARN_RANGE_LOOP_ANALYSIS = YES;
				CLANG_WARN_STRICT_PROTOTYPES = YES;
				CLANG_WARN_SUSPICIOUS_MOVE = YES;
				CLANG_WARN_UNGUARDED_AVAILABILITY = YES_AGGRESSIVE;
				CLANG_WARN_UNREACHABLE_CODE = YES;
				CLANG_WARN__DUPLICATE_METHOD_MATCH = YES;
				COPY_PHASE_STRIP = NO;
				DEBUG_INFORMATION_FORMAT = dwarf;
				ENABLE_STRICT_OBJC_MSGSEND = YES;
				ENABLE_TESTABILITY = YES;
				GCC_C_LANGUAGE_STANDARD = gnu11;
				GCC_DYNAMIC_NO_PIC = NO;
				GCC_NO_COMMON_BLOCKS = YES;
				GCC_OPTIMIZATION_LEVEL = 0;
				GCC_PREPROCESSOR_DEFINITIONS = (
					"DEBUG=1",
					"$(inherited)",
				);
				GCC_WARN_64_TO_32_BIT_CONVERSION = YES;
				GCC_WARN_ABOUT_RETURN_TYPE = YES_ERROR;
				GCC_WARN_UNDECLARED_SELECTOR = YES;
				GCC_WARN_UNINITIALIZED_AUTOS = YES_AGGRESSIVE;
				GCC_WARN_UNUSED_FUNCTION = YES;
				GCC_WARN_UNUSED_VARIABLE = YES;
				IPHONEOS_DEPLOYMENT_TARGET = 15.4;
				MTL_ENABLE_DEBUG_INFO = INCLUDE_SOURCE;
				MTL_FAST_MATH = YES;
				ONLY_ACTIVE_ARCH = YES;
				SDKROOT = iphoneos;
				SWIFT_ACTIVE_COMPILATION_CONDITIONS = DEBUG;
				SWIFT_OPTIMIZATION_LEVEL = "-Onone";
			};
			name = Debug;
		};
		2C5E055A281423FF00C50908 /* Release */ = {
			isa = XCBuildConfiguration;
			buildSettings = {
				ALWAYS_SEARCH_USER_PATHS = NO;
				CLANG_ANALYZER_NONNULL = YES;
				CLANG_ANALYZER_NUMBER_OBJECT_CONVERSION = YES_AGGRESSIVE;
				CLANG_CXX_LANGUAGE_STANDARD = "gnu++17";
				CLANG_ENABLE_MODULES = YES;
				CLANG_ENABLE_OBJC_ARC = YES;
				CLANG_ENABLE_OBJC_WEAK = YES;
				CLANG_WARN_BLOCK_CAPTURE_AUTORELEASING = YES;
				CLANG_WARN_BOOL_CONVERSION = YES;
				CLANG_WARN_COMMA = YES;
				CLANG_WARN_CONSTANT_CONVERSION = YES;
				CLANG_WARN_DEPRECATED_OBJC_IMPLEMENTATIONS = YES;
				CLANG_WARN_DIRECT_OBJC_ISA_USAGE = YES_ERROR;
				CLANG_WARN_DOCUMENTATION_COMMENTS = YES;
				CLANG_WARN_EMPTY_BODY = YES;
				CLANG_WARN_ENUM_CONVERSION = YES;
				CLANG_WARN_INFINITE_RECURSION = YES;
				CLANG_WARN_INT_CONVERSION = YES;
				CLANG_WARN_NON_LITERAL_NULL_CONVERSION = YES;
				CLANG_WARN_OBJC_IMPLICIT_RETAIN_SELF = YES;
				CLANG_WARN_OBJC_LITERAL_CONVERSION = YES;
				CLANG_WARN_OBJC_ROOT_CLASS = YES_ERROR;
				CLANG_WARN_QUOTED_INCLUDE_IN_FRAMEWORK_HEADER = YES;
				CLANG_WARN_RANGE_LOOP_ANALYSIS = YES;
				CLANG_WARN_STRICT_PROTOTYPES = YES;
				CLANG_WARN_SUSPICIOUS_MOVE = YES;
				CLANG_WARN_UNGUARDED_AVAILABILITY = YES_AGGRESSIVE;
				CLANG_WARN_UNREACHABLE_CODE = YES;
				CLANG_WARN__DUPLICATE_METHOD_MATCH = YES;
				COPY_PHASE_STRIP = NO;
				DEBUG_INFORMATION_FORMAT = "dwarf-with-dsym";
				ENABLE_NS_ASSERTIONS = NO;
				ENABLE_STRICT_OBJC_MSGSEND = YES;
				GCC_C_LANGUAGE_STANDARD = gnu11;
				GCC_NO_COMMON_BLOCKS = YES;
				GCC_WARN_64_TO_32_BIT_CONVERSION = YES;
				GCC_WARN_ABOUT_RETURN_TYPE = YES_ERROR;
				GCC_WARN_UNDECLARED_SELECTOR = YES;
				GCC_WARN_UNINITIALIZED_AUTOS = YES_AGGRESSIVE;
				GCC_WARN_UNUSED_FUNCTION = YES;
				GCC_WARN_UNUSED_VARIABLE = YES;
				IPHONEOS_DEPLOYMENT_TARGET = 15.4;
				MTL_ENABLE_DEBUG_INFO = NO;
				MTL_FAST_MATH = YES;
				SDKROOT = iphoneos;
				SWIFT_COMPILATION_MODE = wholemodule;
				SWIFT_OPTIMIZATION_LEVEL = "-O";
				VALIDATE_PRODUCT = YES;
			};
			name = Release;
		};
		2C5E055C281423FF00C50908 /* Debug */ = {
			isa = XCBuildConfiguration;
			buildSettings = {
				ASSETCATALOG_COMPILER_APPICON_NAME = AppIcon;
				ASSETCATALOG_COMPILER_GLOBAL_ACCENT_COLOR_NAME = AccentColor;
				CODE_SIGN_STYLE = Automatic;
				CURRENT_PROJECT_VERSION = 1;
				DEVELOPMENT_ASSET_PATHS = "\"OgiriSNS/Preview Content\"";
				DEVELOPMENT_TEAM = BAA625SZ4A;
				ENABLE_PREVIEWS = YES;
				GENERATE_INFOPLIST_FILE = YES;
				INFOPLIST_KEY_UIApplicationSceneManifest_Generation = YES;
				INFOPLIST_KEY_UIApplicationSupportsIndirectInputEvents = YES;
				INFOPLIST_KEY_UILaunchScreen_Generation = YES;
				INFOPLIST_KEY_UISupportedInterfaceOrientations_iPad = "UIInterfaceOrientationPortrait UIInterfaceOrientationPortraitUpsideDown UIInterfaceOrientationLandscapeLeft UIInterfaceOrientationLandscapeRight";
				INFOPLIST_KEY_UISupportedInterfaceOrientations_iPhone = "UIInterfaceOrientationPortrait UIInterfaceOrientationLandscapeLeft UIInterfaceOrientationLandscapeRight";
				LD_RUNPATH_SEARCH_PATHS = (
					"$(inherited)",
					"@executable_path/Frameworks",
				);
				MARKETING_VERSION = 1.0;
				PRODUCT_BUNDLE_IDENTIFIER = MyApp.OgiriSNS;
				PRODUCT_NAME = "$(TARGET_NAME)";
				SWIFT_EMIT_LOC_STRINGS = YES;
				SWIFT_VERSION = 5.0;
				TARGETED_DEVICE_FAMILY = "1,2";
			};
			name = Debug;
		};
		2C5E055D281423FF00C50908 /* Release */ = {
			isa = XCBuildConfiguration;
			buildSettings = {
				ASSETCATALOG_COMPILER_APPICON_NAME = AppIcon;
				ASSETCATALOG_COMPILER_GLOBAL_ACCENT_COLOR_NAME = AccentColor;
				CODE_SIGN_STYLE = Automatic;
				CURRENT_PROJECT_VERSION = 1;
				DEVELOPMENT_ASSET_PATHS = "\"OgiriSNS/Preview Content\"";
				DEVELOPMENT_TEAM = BAA625SZ4A;
				ENABLE_PREVIEWS = YES;
				GENERATE_INFOPLIST_FILE = YES;
				INFOPLIST_KEY_UIApplicationSceneManifest_Generation = YES;
				INFOPLIST_KEY_UIApplicationSupportsIndirectInputEvents = YES;
				INFOPLIST_KEY_UILaunchScreen_Generation = YES;
				INFOPLIST_KEY_UISupportedInterfaceOrientations_iPad = "UIInterfaceOrientationPortrait UIInterfaceOrientationPortraitUpsideDown UIInterfaceOrientationLandscapeLeft UIInterfaceOrientationLandscapeRight";
				INFOPLIST_KEY_UISupportedInterfaceOrientations_iPhone = "UIInterfaceOrientationPortrait UIInterfaceOrientationLandscapeLeft UIInterfaceOrientationLandscapeRight";
				LD_RUNPATH_SEARCH_PATHS = (
					"$(inherited)",
					"@executable_path/Frameworks",
				);
				MARKETING_VERSION = 1.0;
				PRODUCT_BUNDLE_IDENTIFIER = MyApp.OgiriSNS;
				PRODUCT_NAME = "$(TARGET_NAME)";
				SWIFT_EMIT_LOC_STRINGS = YES;
				SWIFT_VERSION = 5.0;
				TARGETED_DEVICE_FAMILY = "1,2";
			};
			name = Release;
		};
/* End XCBuildConfiguration section */

/* Begin XCConfigurationList section */
		2C5E0548281423FE00C50908 /* Build configuration list for PBXProject "OgiriSNS" */ = {
			isa = XCConfigurationList;
			buildConfigurations = (
				2C5E0559281423FF00C50908 /* Debug */,
				2C5E055A281423FF00C50908 /* Release */,
			);
			defaultConfigurationIsVisible = 0;
			defaultConfigurationName = Release;
		};
		2C5E055B281423FF00C50908 /* Build configuration list for PBXNativeTarget "OgiriSNS" */ = {
			isa = XCConfigurationList;
			buildConfigurations = (
				2C5E055C281423FF00C50908 /* Debug */,
				2C5E055D281423FF00C50908 /* Release */,
			);
			defaultConfigurationIsVisible = 0;
			defaultConfigurationName = Release;
		};
/* End XCConfigurationList section */
	};
	rootObject = 2C5E0545281423FE00C50908 /* Project object */;
}
